
Microsoft Visual Studio Solution File, Format Version 12.00
# Visual Studio 15
VisualStudioVersion = 15.0.28307.421
MinimumVisualStudioVersion = 10.0.40219.1
Project("{9A19103F-16F7-4668-BE54-9A1E7A4F7556}") = "Core", "Core\Core.csproj", "{95110366-BA26-4E04-AA94-5BC27547142D}"
EndProject
Project("{9A19103F-16F7-4668-BE54-9A1E7A4F7556}") = "ServiceAdapters", "ServiceAdapters\ServiceAdapters.csproj", "{E75B193C-51FB-4A37-9B93-E72216E198A7}"
EndProject
Project("{9A19103F-16F7-4668-BE54-9A1E7A4F7556}") = "ServiceAdapters.Tests", "ServiceAdapters.Tests\ServiceAdapters.Tests.csproj", "{419E9B27-EC3D-4AA2-B624-2C2A580A9F9F}"
EndProject
Project("{9A19103F-16F7-4668-BE54-9A1E7A4F7556}") = "Core.Tests", "Core.Tests\Core.Tests.csproj", "{A0527766-BF4D-4971-98CB-20AADDB9E20B}"
EndProject
Project("{9A19103F-16F7-4668-BE54-9A1E7A4F7556}") = "Frontend", "Frontend\Frontend.csproj", "{4346A4C5-7614-4F96-AC49-E88CE28BC4DF}"
EndProject
Global
	GlobalSection(SolutionConfigurationPlatforms) = preSolution
		Debug|Any CPU = Debug|Any CPU
		Release|Any CPU = Release|Any CPU
	EndGlobalSection
	GlobalSection(ProjectConfigurationPlatforms) = postSolution
		{95110366-BA26-4E04-AA94-5BC27547142D}.Debug|Any CPU.ActiveCfg = Debug|Any CPU
		{95110366-BA26-4E04-AA94-5BC27547142D}.Debug|Any CPU.Build.0 = Debug|Any CPU
		{95110366-BA26-4E04-AA94-5BC27547142D}.Release|Any CPU.ActiveCfg = Release|Any CPU
		{95110366-BA26-4E04-AA94-5BC27547142D}.Release|Any CPU.Build.0 = Release|Any CPU
		{E75B193C-51FB-4A37-9B93-E72216E198A7}.Debug|Any CPU.ActiveCfg = Debug|Any CPU
		{E75B193C-51FB-4A37-9B93-E72216E198A7}.Debug|Any CPU.Build.0 = Debug|Any CPU
		{E75B193C-51FB-4A37-9B93-E72216E198A7}.Release|Any CPU.ActiveCfg = Release|Any CPU
		{E75B193C-51FB-4A37-9B93-E72216E198A7}.Release|Any CPU.Build.0 = Release|Any CPU
		{419E9B27-EC3D-4AA2-B624-2C2A580A9F9F}.Debug|Any CPU.ActiveCfg = Debug|Any CPU
		{419E9B27-EC3D-4AA2-B624-2C2A580A9F9F}.Debug|Any CPU.Build.0 = Debug|Any CPU
		{419E9B27-EC3D-4AA2-B624-2C2A580A9F9F}.Release|Any CPU.ActiveCfg = Release|Any CPU
		{419E9B27-EC3D-4AA2-B624-2C2A580A9F9F}.Release|Any CPU.Build.0 = Release|Any CPU
		{A0527766-BF4D-4971-98CB-20AADDB9E20B}.Debug|Any CPU.ActiveCfg = Debug|Any CPU
		{A0527766-BF4D-4971-98CB-20AADDB9E20B}.Debug|Any CPU.Build.0 = Debug|Any CPU
		{A0527766-BF4D-4971-98CB-20AADDB9E20B}.Release|Any CPU.ActiveCfg = Release|Any CPU
		{A0527766-BF4D-4971-98CB-20AADDB9E20B}.Release|Any CPU.Build.0 = Release|Any CPU
		{4346A4C5-7614-4F96-AC49-E88CE28BC4DF}.Debug|Any CPU.ActiveCfg = Debug|Any CPU
		{4346A4C5-7614-4F96-AC49-E88CE28BC4DF}.Debug|Any CPU.Build.0 = Debug|Any CPU
		{4346A4C5-7614-4F96-AC49-E88CE28BC4DF}.Release|Any CPU.ActiveCfg = Release|Any CPU
		{4346A4C5-7614-4F96-AC49-E88CE28BC4DF}.Release|Any CPU.Build.0 = Release|Any CPU
	EndGlobalSection
	GlobalSection(SolutionProperties) = preSolution
		HideSolutionNode = FALSE
	EndGlobalSection
	GlobalSection(ExtensibilityGlobals) = postSolution
		SolutionGuid = {9203412A-07E4-4994-9177-A5FE97C2008F}
	EndGlobalSection
EndGlobal
